// !$*UTF8*$!
{
	archiveVersion = 1;
	classes = {
	};
	objectVersion = 50;
	objects = {

/* Begin PBXBuildFile section */
		608DBC15229D5FA300EF77A3 /* AppDelegate.swift in Sources */ = {isa = PBXBuildFile; fileRef = 608DBC14229D5FA300EF77A3 /* AppDelegate.swift */; };
		608DBC17229D5FA300EF77A3 /* ViewController.swift in Sources */ = {isa = PBXBuildFile; fileRef = 608DBC16229D5FA300EF77A3 /* ViewController.swift */; };
		608DBC1A229D5FA300EF77A3 /* Main.storyboard in Resources */ = {isa = PBXBuildFile; fileRef = 608DBC18229D5FA300EF77A3 /* Main.storyboard */; };
		608DBC1C229D5FA500EF77A3 /* Assets.xcassets in Resources */ = {isa = PBXBuildFile; fileRef = 608DBC1B229D5FA500EF77A3 /* Assets.xcassets */; };
		608DBC1F229D5FA500EF77A3 /* LaunchScreen.storyboard in Resources */ = {isa = PBXBuildFile; fileRef = 608DBC1D229D5FA500EF77A3 /* LaunchScreen.storyboard */; };
/* End PBXBuildFile section */

/* Begin PBXFileReference section */
		608DBC11229D5FA300EF77A3 /* Simple Web Request.app */ = {isa = PBXFileReference; explicitFileType = wrapper.application; includeInIndex = 0; path = "Simple Web Request.app"; sourceTree = BUILT_PRODUCTS_DIR; };
		608DBC14229D5FA300EF77A3 /* AppDelegate.swift */ = {isa = PBXFileReference; lastKnownFileType = sourcecode.swift; path = AppDelegate.swift; sourceTree = "<group>"; };
		608DBC16229D5FA300EF77A3 /* ViewController.swift */ = {isa = PBXFileReference; lastKnownFileType = sourcecode.swift; path = ViewController.swift; sourceTree = "<group>"; };
		608DBC19229D5FA300EF77A3 /* Base */ = {isa = PBXFileReference; lastKnownFileType = file.storyboard; name = Base; path = Base.lproj/Main.storyboard; sourceTree = "<group>"; };
		608DBC1B229D5FA500EF77A3 /* Assets.xcassets */ = {isa = PBXFileReference; lastKnownFileType = folder.assetcatalog; path = Assets.xcassets; sourceTree = "<group>"; };
		608DBC1E229D5FA500EF77A3 /* Base */ = {isa = PBXFileReference; lastKnownFileType = file.storyboard; name = Base; path = Base.lproj/LaunchScreen.storyboard; sourceTree = "<group>"; };
		608DBC20229D5FA500EF77A3 /* Info.plist */ = {isa = PBXFileReference; lastKnownFileType = text.plist.xml; path = Info.plist; sourceTree = "<group>"; };
/* End PBXFileReference section */

/* Begin PBXFrameworksBuildPhase section */
		608DBC0E229D5FA200EF77A3 /* Frameworks */ = {
			isa = PBXFrameworksBuildPhase;
			buildActionMask = 2147483647;
			files = (
			);
			runOnlyForDeploymentPostprocessing = 0;
		};
/* End PBXFrameworksBuildPhase section */

/* Begin PBXGroup section */
		608DBC08229D5FA200EF77A3 = {
			isa = PBXGroup;
			children = (
				608DBC13229D5FA300EF77A3 /* Simple Web Request */,
				608DBC12229D5FA300EF77A3 /* Products */,
			);
			sourceTree = "<group>";
		};
		608DBC12229D5FA300EF77A3 /* Products */ = {
			isa = PBXGroup;
			children = (
				608DBC11229D5FA300EF77A3 /* Simple Web Request.app */,
			);
			name = Products;
			sourceTree = "<group>";
		};
		608DBC13229D5FA300EF77A3 /* Simple Web Request */ = {
			isa = PBXGroup;
			children = (
				608DBC14229D5FA300EF77A3 /* AppDelegate.swift */,
				608DBC16229D5FA300EF77A3 /* ViewController.swift */,
				608DBC18229D5FA300EF77A3 /* Main.storyboard */,
				608DBC1B229D5FA500EF77A3 /* Assets.xcassets */,
				608DBC1D229D5FA500EF77A3 /* LaunchScreen.storyboard */,
				608DBC20229D5FA500EF77A3 /* Info.plist */,
			);
			path = "Simple Web Request";
			sourceTree = "<group>";
		};
/* End PBXGroup section */

/* Begin PBXNativeTarget section */
		608DBC10229D5FA200EF77A3 /* Simple Web Request */ = {
			isa = PBXNativeTarget;
			buildConfigurationList = 608DBC23229D5FA500EF77A3 /* Build configuration list for PBXNativeTarget "Simple Web Request" */;
			buildPhases = (
				608DBC0D229D5FA200EF77A3 /* Sources */,
				608DBC0E229D5FA200EF77A3 /* Frameworks */,
				608DBC0F229D5FA200EF77A3 /* Resources */,
			);
			buildRules = (
			);
			dependencies = (
			);
			name = "Simple Web Request";
			productName = "Simple Web Request";
			productReference = 608DBC11229D5FA300EF77A3 /* Simple Web Request.app */;
			productType = "com.apple.product-type.application";
		};
/* End PBXNativeTarget section */

/* Begin PBXProject section */
		608DBC09229D5FA200EF77A3 /* Project object */ = {
			isa = PBXProject;
			attributes = {
				LastSwiftUpdateCheck = 1020;
				LastUpgradeCheck = 1020;
				ORGANIZATIONNAME = RDC;
				TargetAttributes = {
					608DBC10229D5FA200EF77A3 = {
						CreatedOnToolsVersion = 10.2;
					};
				};
			};
			buildConfigurationList = 608DBC0C229D5FA200EF77A3 /* Build configuration list for PBXProject "Simple Web Request" */;
			compatibilityVersion = "Xcode 9.3";
			developmentRegion = en;
			hasScannedForEncodings = 0;
			knownRegions = (
				en,
				Base,
			);
			mainGroup = 608DBC08229D5FA200EF77A3;
			productRefGroup = 608DBC12229D5FA300EF77A3 /* Products */;
			projectDirPath = "";
			projectRoot = "";
			targets = (
				608DBC10229D5FA200EF77A3 /* Simple Web Request */,
			);
		};
/* End PBXProject section */

/* Begin PBXResourcesBuildPhase section */
		608DBC0F229D5FA200EF77A3 /* Resources */ = {
			isa = PBXResourcesBuildPhase;
			buildActionMask = 2147483647;
			files = (
				608DBC1F229D5FA500EF77A3 /* LaunchScreen.storyboard in Resources */,
				608DBC1C229D5FA500EF77A3 /* Assets.xcassets in Resources */,
				608DBC1A229D5FA300EF77A3 /* Main.storyboard in Resources */,
			);
			runOnlyForDeploymentPostprocessing = 0;
		};
/* End PBXResourcesBuildPhase section */

/* Begin PBXSourcesBuildPhase section */
		608DBC0D229D5FA200EF77A3 /* Sources */ = {
			isa = PBXSourcesBuildPhase;
			buildActionMask = 2147483647;
			files = (
				608DBC17229D5FA300EF77A3 /* ViewController.swift in Sources */,
				608DBC15229D5FA300EF77A3 /* AppDelegate.swift in Sources */,
			);
			runOnlyForDeploymentPostprocessing = 0;
		};
/* End PBXSourcesBuildPhase section */

/* Begin PBXVariantGroup section */
		608DBC18229D5FA300EF77A3 /* Main.storyboard */ = {
			isa = PBXVariantGroup;
			children = (
				608DBC19229D5FA300EF77A3 /* Base */,
			);
			name = Main.storyboard;
			sourceTree = "<group>";
		};
		608DBC1D229D5FA500EF77A3 /* LaunchScreen.storyboard */ = {
			isa = PBXVariantGroup;
			children = (
				608DBC1E229D5FA500EF77A3 /* Base */,
			);
			name = LaunchScreen.storyboard;
			sourceTree = "<group>";
		};
/* End PBXVariantGroup section */

/* Begin XCBuildConfiguration section */
		608DBC21229D5FA500EF77A3 /* Debug */ = {
			isa = XCBuildConfiguration;
			buildSettings = {
				ALWAYS_SEARCH_USER_PATHS = NO;
				CLANG_ANALYZER_NONNULL = YES;
				CLANG_ANALYZER_NUMBER_OBJECT_CONVERSION = YES_AGGRESSIVE;
				CLANG_CXX_LANGUAGE_STANDARD = "gnu++14";
				CLANG_CXX_LIBRARY = "libc++";
				CLANG_ENABLE_MODULES = YES;
				CLANG_ENABLE_OBJC_ARC = YES;
				CLANG_ENABLE_OBJC_WEAK = YES;
				CLANG_WARN_BLOCK_CAPTURE_AUTORELEASING = YES;
				CLANG_WARN_BOOL_CONVERSION = YES;
				CLANG_WARN_COMMA = YES;
				CLANG_WARN_CONSTANT_CONVERSION = YES;
				CLANG_WARN_DEPRECATED_OBJC_IMPLEMENTATIONS = YES;
				CLANG_WARN_DIRECT_OBJC_ISA_USAGE = YES_ERROR;
				CLANG_WARN_DOCUMENTATION_COMMENTS = YES;
				CLANG_WARN_EMPTY_BODY = YES;
				CLANG_WARN_ENUM_CONVERSION = YES;
				CLANG_WARN_INFINITE_RECURSION = YES;
				CLANG_WARN_INT_CONVERSION = YES;
				CLANG_WARN_NON_LITERAL_NULL_CONVERSION = YES;
				CLANG_WARN_OBJC_IMPLICIT_RETAIN_SELF = YES;
				CLANG_WARN_OBJC_LITERAL_CONVERSION = YES;
				CLANG_WARN_OBJC_ROOT_CLASS = YES_ERROR;
				CLANG_WARN_RANGE_LOOP_ANALYSIS = YES;
				CLANG_WARN_STRICT_PROTOTYPES = YES;
				CLANG_WARN_SUSPICIOUS_MOVE = YES;
				CLANG_WARN_UNGUARDED_AVAILABILITY = YES_AGGRESSIVE;
				CLANG_WARN_UNREACHABLE_CODE = YES;
				CLANG_WARN__DUPLICATE_METHOD_MATCH = YES;
				CODE_SIGN_IDENTITY = "iPhone Developer";
				COPY_PHASE_STRIP = NO;
				DEBUG_INFORMATION_FORMAT = dwarf;
				ENABLE_STRICT_OBJC_MSGSEND = YES;
				ENABLE_TESTABILITY = YES;
				GCC_C_LANGUAGE_STANDARD = gnu11;
				GCC_DYNAMIC_NO_PIC = NO;
				GCC_NO_COMMON_BLOCKS = YES;
				GCC_OPTIMIZATION_LEVEL = 0;
				GCC_PREPROCESSOR_DEFINITIONS = (
					"DEBUG=1",
					"$(inherited)",
				);
				GCC_WARN_64_TO_32_BIT_CONVERSION = YES;
				GCC_WARN_ABOUT_RETURN_TYPE = YES_ERROR;
				GCC_WARN_UNDECLARED_SELECTOR = YES;
				GCC_WARN_UNINITIALIZED_AUTOS = YES_AGGRESSIVE;
				GCC_WARN_UNUSED_FUNCTION = YES;
				GCC_WARN_UNUSED_VARIABLE = YES;
				IPHONEOS_DEPLOYMENT_TARGET = 12.2;
				MTL_ENABLE_DEBUG_INFO = INCLUDE_SOURCE;
				MTL_FAST_MATH = YES;
				ONLY_ACTIVE_ARCH = YES;
				SDKROOT = iphoneos;
				SWIFT_ACTIVE_COMPILATION_CONDITIONS = DEBUG;
				SWIFT_OPTIMIZATION_LEVEL = "-Onone";
			};
			name = Debug;
		};
		608DBC22229D5FA500EF77A3 /* Release */ = {
			isa = XCBuildConfiguration;
			buildSettings = {
				ALWAYS_SEARCH_USER_PATHS = NO;
				CLANG_ANALYZER_NONNULL = YES;
				CLANG_ANALYZER_NUMBER_OBJECT_CONVERSION = YES_AGGRESSIVE;
				CLANG_CXX_LANGUAGE_STANDARD = "gnu++14";
				CLANG_CXX_LIBRARY = "libc++";
				CLANG_ENABLE_MODULES = YES;
				CLANG_ENABLE_OBJC_ARC = YES;
				CLANG_ENABLE_OBJC_WEAK = YES;
				CLANG_WARN_BLOCK_CAPTURE_AUTORELEASING = YES;
				CLANG_WARN_BOOL_CONVERSION = YES;
				CLANG_WARN_COMMA = YES;
				CLANG_WARN_CONSTANT_CONVERSION = YES;
				CLANG_WARN_DEPRECATED_OBJC_IMPLEMENTATIONS = YES;
				CLANG_WARN_DIRECT_OBJC_ISA_USAGE = YES_ERROR;
				CLANG_WARN_DOCUMENTATION_COMMENTS = YES;
				CLANG_WARN_EMPTY_BODY = YES;
				CLANG_WARN_ENUM_CONVERSION = YES;
				CLANG_WARN_INFINITE_RECURSION = YES;
				CLANG_WARN_INT_CONVERSION = YES;
				CLANG_WARN_NON_LITERAL_NULL_CONVERSION = YES;
				CLANG_WARN_OBJC_IMPLICIT_RETAIN_SELF = YES;
				CLANG_WARN_OBJC_LITERAL_CONVERSION = YES;
				CLANG_WARN_OBJC_ROOT_CLASS = YES_ERROR;
				CLANG_WARN_RANGE_LOOP_ANALYSIS = YES;
				CLANG_WARN_STRICT_PROTOTYPES = YES;
				CLANG_WARN_SUSPICIOUS_MOVE = YES;
				CLANG_WARN_UNGUARDED_AVAILABILITY = YES_AGGRESSIVE;
				CLANG_WARN_UNREACHABLE_CODE = YES;
				CLANG_WARN__DUPLICATE_METHOD_MATCH = YES;
				CODE_SIGN_IDENTITY = "iPhone Developer";
				COPY_PHASE_STRIP = NO;
				DEBUG_INFORMATION_FORMAT = "dwarf-with-dsym";
				ENABLE_NS_ASSERTIONS = NO;
				ENABLE_STRICT_OBJC_MSGSEND = YES;
				GCC_C_LANGUAGE_STANDARD = gnu11;
				GCC_NO_COMMON_BLOCKS = YES;
				GCC_WARN_64_TO_32_BIT_CONVERSION = YES;
				GCC_WARN_ABOUT_RETURN_TYPE = YES_ERROR;
				GCC_WARN_UNDECLARED_SELECTOR = YES;
				GCC_WARN_UNINITIALIZED_AUTOS = YES_AGGRESSIVE;
				GCC_WARN_UNUSED_FUNCTION = YES;
				GCC_WARN_UNUSED_VARIABLE = YES;
				IPHONEOS_DEPLOYMENT_TARGET = 12.2;
				MTL_ENABLE_DEBUG_INFO = NO;
				MTL_FAST_MATH = YES;
				SDKROOT = iphoneos;
				SWIFT_COMPILATION_MODE = wholemodule;
				SWIFT_OPTIMIZATION_LEVEL = "-O";
				VALIDATE_PRODUCT = YES;
			};
			name = Release;
		};
		608DBC24229D5FA500EF77A3 /* Debug */ = {
			isa = XCBuildConfiguration;
			buildSettings = {
				ASSETCATALOG_COMPILER_APPICON_NAME = AppIcon;
				CODE_SIGN_STYLE = Automatic;
				DEVELOPMENT_TEAM = G87CHFM45D;
				INFOPLIST_FILE = "Simple Web Request/Info.plist";
				LD_RUNPATH_SEARCH_PATHS = (
					"$(inherited)",
					"@executable_path/Frameworks",
				);
				PRODUCT_BUNDLE_IDENTIFIER = "com.rdc.Simple-Camera";
				PRODUCT_NAME = "$(TARGET_NAME)";
				SWIFT_VERSION = 5.0;
				TARGETED_DEVICE_FAMILY = "1,2";
			};
			name = Debug;
		};
		608DBC25229D5FA500EF77A3 /* Release */ = {
			isa = XCBuildConfiguration;
			buildSettings = {
				ASSETCATALOG_COMPILER_APPICON_NAME = AppIcon;
				CODE_SIGN_STYLE = Automatic;
				DEVELOPMENT_TEAM = G87CHFM45D;
				INFOPLIST_FILE = "Simple Web Request/Info.plist";
				LD_RUNPATH_SEARCH_PATHS = (
					"$(inherited)",
					"@executable_path/Frameworks",
				);
				PRODUCT_BUNDLE_IDENTIFIER = "com.rdc.Simple-Camera";
				PRODUCT_NAME = "$(TARGET_NAME)";
				SWIFT_VERSION = 5.0;
				TARGETED_DEVICE_FAMILY = "1,2";
			};
			name = Release;
		};
/* End XCBuildConfiguration section */

/* Begin XCConfigurationList section */
		608DBC0C229D5FA200EF77A3 /* Build configuration list for PBXProject "Simple Web Request" */ = {
			isa = XCConfigurationList;
			buildConfigurations = (
				608DBC21229D5FA500EF77A3 /* Debug */,
				608DBC22229D5FA500EF77A3 /* Release */,
			);
			defaultConfigurationIsVisible = 0;
			defaultConfigurationName = Release;
		};
		608DBC23229D5FA500EF77A3 /* Build configuration list for PBXNativeTarget "Simple Web Request" */ = {
			isa = XCConfigurationList;
			buildConfigurations = (
				608DBC24229D5FA500EF77A3 /* Debug */,
				608DBC25229D5FA500EF77A3 /* Release */,
			);
			defaultConfigurationIsVisible = 0;
			defaultConfigurationName = Release;
		};
/* End XCConfigurationList section */
	};
	rootObject = 608DBC09229D5FA200EF77A3 /* Project object */;
}
